
Microsoft Visual Studio Solution File, Format Version 12.00
# Visual Studio Version 16
VisualStudioVersion = 16.0.32228.343
MinimumVisualStudioVersion = 10.0.40219.1
Project("{FAE04EC0-301F-11D3-BF4B-00C04F79EFBC}") = "CSConsoleApp", "CSConsoleApp.csproj", "{9A006EC9-EB43-4CD3-8A53-045E7EB59749}"
EndProject
Project("{FAE04EC0-301F-11D3-BF4B-00C04F79EFBC}") = "CSConsoleLibrary", "..\CSConsoleLibrary\CSConsoleLibrary.csproj", "{1BF51396-BE97-40DB-B0A7-E1597AEDEFE3}"
EndProject
Project("{FAE04EC0-301F-11D3-BF4B-00C04F79EFBC}") = "CSConsoleTest", "..\CSConsoleTest\CSConsoleTest.csproj", "{3956711D-7AD4-4AD2-AECC-C83B1021CACD}"
EndProject
Global
	GlobalSection(SolutionConfigurationPlatforms) = preSolution
		Debug|Any CPU = Debug|Any CPU
		Release|Any CPU = Release|Any CPU
	EndGlobalSection
	GlobalSection(ProjectConfigurationPlatforms) = postSolution
		{9A006EC9-EB43-4CD3-8A53-045E7EB59749}.Debug|Any CPU.ActiveCfg = Debug|Any CPU
		{9A006EC9-EB43-4CD3-8A53-045E7EB59749}.Debug|Any CPU.Build.0 = Debug|Any CPU
		{9A006EC9-EB43-4CD3-8A53-045E7EB59749}.Release|Any CPU.ActiveCfg = Release|Any CPU
		{9A006EC9-EB43-4CD3-8A53-045E7EB59749}.Release|Any CPU.Build.0 = Release|Any CPU
		{1BF51396-BE97-40DB-B0A7-E1597AEDEFE3}.Debug|Any CPU.ActiveCfg = Debug|Any CPU
		{1BF51396-BE97-40DB-B0A7-E1597AEDEFE3}.Debug|Any CPU.Build.0 = Debug|Any CPU
		{1BF51396-BE97-40DB-B0A7-E1597AEDEFE3}.Release|Any CPU.ActiveCfg = Release|Any CPU
		{1BF51396-BE97-40DB-B0A7-E1597AEDEFE3}.Release|Any CPU.Build.0 = Release|Any CPU
		{3956711D-7AD4-4AD2-AECC-C83B1021CACD}.Debug|Any CPU.ActiveCfg = Debug|Any CPU
		{3956711D-7AD4-4AD2-AECC-C83B1021CACD}.Debug|Any CPU.Build.0 = Debug|Any CPU
		{3956711D-7AD4-4AD2-AECC-C83B1021CACD}.Release|Any CPU.ActiveCfg = Release|Any CPU
		{3956711D-7AD4-4AD2-AECC-C83B1021CACD}.Release|Any CPU.Build.0 = Release|Any CPU
	EndGlobalSection
	GlobalSection(SolutionProperties) = preSolution
		HideSolutionNode = FALSE
	EndGlobalSection
	GlobalSection(ExtensibilityGlobals) = postSolution
		SolutionGuid = {CBD16A9E-1E44-4AB5-AAD2-1F1144911026}
	EndGlobalSection
EndGlobal
